
Microsoft Visual Studio Solution File, Format Version 12.00
# Visual Studio Version 17
VisualStudioVersion = 17.13.35913.81
MinimumVisualStudioVersion = 10.0.40219.1
Project("{FAE04EC0-301F-11D3-BF4B-00C04F79EFBC}") = "ModelHexa", "Model\ModelHexa\ModelHexa.csproj", "{026C7BE3-89D9-453C-945C-0088288671B5}"
EndProject

Project("{FAE04EC0-301F-11D3-BF4B-00C04F79EFBC}") = "TestProject2", "TestProject2\TestProject2.csproj", "{B161C369-63B8-4726-870C-558F4F6BB599}"
EndProject
Project("{FAE04EC0-301F-11D3-BF4B-00C04F79EFBC}") = "ConsoleApp", "ConsoleApp\ConsoleApp.csproj", "{884D7E89-D60A-4747-940F-A2FD1BB24B4E}"
EndProject
Global
	GlobalSection(SolutionConfigurationPlatforms) = preSolution
		Debug|Any CPU = Debug|Any CPU
		Release|Any CPU = Release|Any CPU
	EndGlobalSection
	GlobalSection(ProjectConfigurationPlatforms) = postSolution
		{026C7BE3-89D9-453C-945C-0088288671B5}.Debug|Any CPU.ActiveCfg = Debug|Any CPU
		{026C7BE3-89D9-453C-945C-0088288671B5}.Debug|Any CPU.Build.0 = Debug|Any CPU
		{026C7BE3-89D9-453C-945C-0088288671B5}.Release|Any CPU.ActiveCfg = Release|Any CPU
		{026C7BE3-89D9-453C-945C-0088288671B5}.Release|Any CPU.Build.0 = Release|Any CPU
		{B161C369-63B8-4726-870C-558F4F6BB599}.Debug|Any CPU.ActiveCfg = Debug|Any CPU
		{B161C369-63B8-4726-870C-558F4F6BB599}.Debug|Any CPU.Build.0 = Debug|Any CPU
		{B161C369-63B8-4726-870C-558F4F6BB599}.Release|Any CPU.ActiveCfg = Release|Any CPU
		{B161C369-63B8-4726-870C-558F4F6BB599}.Release|Any CPU.Build.0 = Release|Any CPU
		{884D7E89-D60A-4747-940F-A2FD1BB24B4E}.Debug|Any CPU.ActiveCfg = Debug|Any CPU
		{884D7E89-D60A-4747-940F-A2FD1BB24B4E}.Debug|Any CPU.Build.0 = Debug|Any CPU
		{884D7E89-D60A-4747-940F-A2FD1BB24B4E}.Release|Any CPU.ActiveCfg = Release|Any CPU
		{884D7E89-D60A-4747-940F-A2FD1BB24B4E}.Release|Any CPU.Build.0 = Release|Any CPU
	EndGlobalSection
	GlobalSection(SolutionProperties) = preSolution
		HideSolutionNode = FALSE
	EndGlobalSection
	GlobalSection(ExtensibilityGlobals) = postSolution
		SolutionGuid = {309DBC33-339A-4A48-9245-BE82DB065DFC}
	EndGlobalSection
EndGlobal
